
Microsoft Visual Studio Solution File, Format Version 12.00
# Visual Studio Version 17
VisualStudioVersion = 17.10.35122.118
MinimumVisualStudioVersion = 10.0.40219.1
Project("{2150E333-8FDC-42A3-9474-1A3956D46DE8}") = "Core", "Core", "{A54467F3-D2DB-462E-AE71-CBEF28704936}"
EndProject
Project("{2150E333-8FDC-42A3-9474-1A3956D46DE8}") = "Infrastructure", "Infrastructure", "{34B3022E-4240-44EF-9C00-59D409D94670}"
EndProject
Project("{2150E333-8FDC-42A3-9474-1A3956D46DE8}") = "src", "src", "{0CCF7C80-7562-4462-A89D-E2FC36A9945A}"
EndProject
Project("{2150E333-8FDC-42A3-9474-1A3956D46DE8}") = "test", "test", "{887B338C-2231-4324-988E-42B4FEBE0C1D}"
EndProject
Project("{2150E333-8FDC-42A3-9474-1A3956D46DE8}") = "API", "API", "{C69CBB5E-A82D-4B97-82E4-7CA69B275AE5}"
EndProject
Project("{9A19103F-16F7-4668-BE54-9A1E7A4F7556}") = "Elara.Domain", "Elara.Domain\Elara.Domain.csproj", "{15DE1740-080E-4FA9-ABC1-2AA24A6E1973}"
EndProject
Project("{9A19103F-16F7-4668-BE54-9A1E7A4F7556}") = "Elara.Application", "Elara.Application\Elara.Application.csproj", "{056A1F70-0C9A-47FF-8F80-4F2B2CD43DB8}"
EndProject
Project("{9A19103F-16F7-4668-BE54-9A1E7A4F7556}") = "Elara.Persistence", "Elara.Persistence\Elara.Persistence.csproj", "{54FC529B-4E2B-44D8-B2B1-427A59D657BE}"
EndProject
Project("{9A19103F-16F7-4668-BE54-9A1E7A4F7556}") = "Elara.Infrastructure", "Elara.Infrastructure\Elara.Infrastructure.csproj", "{AB24A1CC-EC04-4422-8E1E-23DF305551C0}"
EndProject
Project("{9A19103F-16F7-4668-BE54-9A1E7A4F7556}") = "Elara.API", "Elara.API\Elara.API.csproj", "{C571F4BA-3B07-4BD3-A4A9-FB57F6D89634}"
EndProject
Global
	GlobalSection(SolutionConfigurationPlatforms) = preSolution
		Debug|Any CPU = Debug|Any CPU
		Release|Any CPU = Release|Any CPU
	EndGlobalSection
	GlobalSection(ProjectConfigurationPlatforms) = postSolution
		{15DE1740-080E-4FA9-ABC1-2AA24A6E1973}.Debug|Any CPU.ActiveCfg = Debug|Any CPU
		{15DE1740-080E-4FA9-ABC1-2AA24A6E1973}.Debug|Any CPU.Build.0 = Debug|Any CPU
		{15DE1740-080E-4FA9-ABC1-2AA24A6E1973}.Release|Any CPU.ActiveCfg = Release|Any CPU
		{15DE1740-080E-4FA9-ABC1-2AA24A6E1973}.Release|Any CPU.Build.0 = Release|Any CPU
		{056A1F70-0C9A-47FF-8F80-4F2B2CD43DB8}.Debug|Any CPU.ActiveCfg = Debug|Any CPU
		{056A1F70-0C9A-47FF-8F80-4F2B2CD43DB8}.Debug|Any CPU.Build.0 = Debug|Any CPU
		{056A1F70-0C9A-47FF-8F80-4F2B2CD43DB8}.Release|Any CPU.ActiveCfg = Release|Any CPU
		{056A1F70-0C9A-47FF-8F80-4F2B2CD43DB8}.Release|Any CPU.Build.0 = Release|Any CPU
		{54FC529B-4E2B-44D8-B2B1-427A59D657BE}.Debug|Any CPU.ActiveCfg = Debug|Any CPU
		{54FC529B-4E2B-44D8-B2B1-427A59D657BE}.Debug|Any CPU.Build.0 = Debug|Any CPU
		{54FC529B-4E2B-44D8-B2B1-427A59D657BE}.Release|Any CPU.ActiveCfg = Release|Any CPU
		{54FC529B-4E2B-44D8-B2B1-427A59D657BE}.Release|Any CPU.Build.0 = Release|Any CPU
		{AB24A1CC-EC04-4422-8E1E-23DF305551C0}.Debug|Any CPU.ActiveCfg = Debug|Any CPU
		{AB24A1CC-EC04-4422-8E1E-23DF305551C0}.Debug|Any CPU.Build.0 = Debug|Any CPU
		{AB24A1CC-EC04-4422-8E1E-23DF305551C0}.Release|Any CPU.ActiveCfg = Release|Any CPU
		{AB24A1CC-EC04-4422-8E1E-23DF305551C0}.Release|Any CPU.Build.0 = Release|Any CPU
		{C571F4BA-3B07-4BD3-A4A9-FB57F6D89634}.Debug|Any CPU.ActiveCfg = Debug|Any CPU
		{C571F4BA-3B07-4BD3-A4A9-FB57F6D89634}.Debug|Any CPU.Build.0 = Debug|Any CPU
		{C571F4BA-3B07-4BD3-A4A9-FB57F6D89634}.Release|Any CPU.ActiveCfg = Release|Any CPU
		{C571F4BA-3B07-4BD3-A4A9-FB57F6D89634}.Release|Any CPU.Build.0 = Release|Any CPU
	EndGlobalSection
	GlobalSection(SolutionProperties) = preSolution
		HideSolutionNode = FALSE
	EndGlobalSection
	GlobalSection(NestedProjects) = preSolution
		{A54467F3-D2DB-462E-AE71-CBEF28704936} = {0CCF7C80-7562-4462-A89D-E2FC36A9945A}
		{34B3022E-4240-44EF-9C00-59D409D94670} = {0CCF7C80-7562-4462-A89D-E2FC36A9945A}
		{C69CBB5E-A82D-4B97-82E4-7CA69B275AE5} = {0CCF7C80-7562-4462-A89D-E2FC36A9945A}
		{15DE1740-080E-4FA9-ABC1-2AA24A6E1973} = {A54467F3-D2DB-462E-AE71-CBEF28704936}
		{056A1F70-0C9A-47FF-8F80-4F2B2CD43DB8} = {A54467F3-D2DB-462E-AE71-CBEF28704936}
		{54FC529B-4E2B-44D8-B2B1-427A59D657BE} = {34B3022E-4240-44EF-9C00-59D409D94670}
		{AB24A1CC-EC04-4422-8E1E-23DF305551C0} = {34B3022E-4240-44EF-9C00-59D409D94670}
		{C571F4BA-3B07-4BD3-A4A9-FB57F6D89634} = {C69CBB5E-A82D-4B97-82E4-7CA69B275AE5}
	EndGlobalSection
	GlobalSection(ExtensibilityGlobals) = postSolution
		SolutionGuid = {391FC861-13E0-45EA-A47F-803FB74B7F7E}
	EndGlobalSection
EndGlobal
